
Microsoft Visual Studio Solution File, Format Version 12.00
# Visual Studio Version 17
VisualStudioVersion = 17.0.32014.148
MinimumVisualStudioVersion = 10.0.40219.1
Project("{FAE04EC0-301F-11D3-BF4B-00C04F79EFBC}") = "DataWindow", "DataWindow\DataWindow.csproj", "{6E53099F-5BB1-4053-A959-15CAE748EE77}"
EndProject
Project("{FAE04EC0-301F-11D3-BF4B-00C04F79EFBC}") = "DataWindow.Windows", "DataWindow.Windows\DataWindow.Windows.csproj", "{DF67374C-EA0B-425D-8D32-5EA2C6AB4DC3}"
EndProject
Global
	GlobalSection(SolutionConfigurationPlatforms) = preSolution
		Debug|Any CPU = Debug|Any CPU
		Release|Any CPU = Release|Any CPU
	EndGlobalSection
	GlobalSection(ProjectConfigurationPlatforms) = postSolution
		{6E53099F-5BB1-4053-A959-15CAE748EE77}.Debug|Any CPU.ActiveCfg = Debug|Any CPU
		{6E53099F-5BB1-4053-A959-15CAE748EE77}.Debug|Any CPU.Build.0 = Debug|Any CPU
		{6E53099F-5BB1-4053-A959-15CAE748EE77}.Release|Any CPU.ActiveCfg = Release|Any CPU
		{6E53099F-5BB1-4053-A959-15CAE748EE77}.Release|Any CPU.Build.0 = Release|Any CPU
		{DF67374C-EA0B-425D-8D32-5EA2C6AB4DC3}.Debug|Any CPU.ActiveCfg = Debug|Any CPU
		{DF67374C-EA0B-425D-8D32-5EA2C6AB4DC3}.Debug|Any CPU.Build.0 = Debug|Any CPU
		{DF67374C-EA0B-425D-8D32-5EA2C6AB4DC3}.Release|Any CPU.ActiveCfg = Release|Any CPU
		{DF67374C-EA0B-425D-8D32-5EA2C6AB4DC3}.Release|Any CPU.Build.0 = Release|Any CPU
	EndGlobalSection
	GlobalSection(SolutionProperties) = preSolution
		HideSolutionNode = FALSE
	EndGlobalSection
	GlobalSection(ExtensibilityGlobals) = postSolution
		SolutionGuid = {2629D305-07B2-438C-A2D8-BBCF4CE7A4D6}
	EndGlobalSection
EndGlobal
